// !$*UTF8*$!
{
	archiveVersion = 1;
	classes = {
	};
	objectVersion = 77;
	objects = {

/* Begin PBXBuildFile section */
		3DF6E7E62CFF04D0002A6AFE /* Alamofire in Frameworks */ = {isa = PBXBuildFile; productRef = 3DF6E7E52CFF04D0002A6AFE /* Alamofire */; };
/* End PBXBuildFile section */

/* Begin PBXContainerItemProxy section */
		3D2A24862CF5C6AC00F8AF0A /* PBXContainerItemProxy */ = {
			isa = PBXContainerItemProxy;
			containerPortal = 3D2A246D2CF5C6AB00F8AF0A /* Project object */;
			proxyType = 1;
			remoteGlobalIDString = 3D2A24742CF5C6AB00F8AF0A;
			remoteInfo = ClassifierApp;
		};
		3D2A24902CF5C6AC00F8AF0A /* PBXContainerItemProxy */ = {
			isa = PBXContainerItemProxy;
			containerPortal = 3D2A246D2CF5C6AB00F8AF0A /* Project object */;
			proxyType = 1;
			remoteGlobalIDString = 3D2A24742CF5C6AB00F8AF0A;
			remoteInfo = ClassifierApp;
		};
/* End PBXContainerItemProxy section */

/* Begin PBXFileReference section */
		3D2A24752CF5C6AB00F8AF0A /* ClassifierApp.app */ = {isa = PBXFileReference; explicitFileType = wrapper.application; includeInIndex = 0; path = ClassifierApp.app; sourceTree = BUILT_PRODUCTS_DIR; };
		3D2A24852CF5C6AC00F8AF0A /* ClassifierAppTests.xctest */ = {isa = PBXFileReference; explicitFileType = wrapper.cfbundle; includeInIndex = 0; path = ClassifierAppTests.xctest; sourceTree = BUILT_PRODUCTS_DIR; };
		3D2A248F2CF5C6AC00F8AF0A /* ClassifierAppUITests.xctest */ = {isa = PBXFileReference; explicitFileType = wrapper.cfbundle; includeInIndex = 0; path = ClassifierAppUITests.xctest; sourceTree = BUILT_PRODUCTS_DIR; };
/* End PBXFileReference section */

/* Begin PBXFileSystemSynchronizedRootGroup section */
		3D2A24772CF5C6AB00F8AF0A /* ClassifierApp */ = {
			isa = PBXFileSystemSynchronizedRootGroup;
			path = ClassifierApp;
			sourceTree = "<group>";
		};
/* End PBXFileSystemSynchronizedRootGroup section */

/* Begin PBXFrameworksBuildPhase section */
		3D2A24722CF5C6AB00F8AF0A /* Frameworks */ = {
			isa = PBXFrameworksBuildPhase;
			buildActionMask = 2147483647;
			files = (
				3DF6E7E62CFF04D0002A6AFE /* Alamofire in Frameworks */,
			);
			runOnlyForDeploymentPostprocessing = 0;
		};
		3D2A24822CF5C6AC00F8AF0A /* Frameworks */ = {
			isa = PBXFrameworksBuildPhase;
			buildActionMask = 2147483647;
			files = (
			);
			runOnlyForDeploymentPostprocessing = 0;
		};
		3D2A248C2CF5C6AC00F8AF0A /* Frameworks */ = {
			isa = PBXFrameworksBuildPhase;
			buildActionMask = 2147483647;
			files = (
			);
			runOnlyForDeploymentPostprocessing = 0;
		};
/* End PBXFrameworksBuildPhase section */

/* Begin PBXGroup section */
		3D2A246C2CF5C6AB00F8AF0A = {
			isa = PBXGroup;
			children = (
				3D2A24772CF5C6AB00F8AF0A /* ClassifierApp */,
				3D2A24762CF5C6AB00F8AF0A /* Products */,
			);
			sourceTree = "<group>";
		};
		3D2A24762CF5C6AB00F8AF0A /* Products */ = {
			isa = PBXGroup;
			children = (
				3D2A24752CF5C6AB00F8AF0A /* ClassifierApp.app */,
				3D2A24852CF5C6AC00F8AF0A /* ClassifierAppTests.xctest */,
				3D2A248F2CF5C6AC00F8AF0A /* ClassifierAppUITests.xctest */,
			);
			name = Products;
			sourceTree = "<group>";
		};
/* End PBXGroup section */

/* Begin PBXNativeTarget section */
		3D2A24742CF5C6AB00F8AF0A /* ClassifierApp */ = {
			isa = PBXNativeTarget;
			buildConfigurationList = 3D2A24992CF5C6AC00F8AF0A /* Build configuration list for PBXNativeTarget "ClassifierApp" */;
			buildPhases = (
				3D2A24712CF5C6AB00F8AF0A /* Sources */,
				3D2A24722CF5C6AB00F8AF0A /* Frameworks */,
				3D2A24732CF5C6AB00F8AF0A /* Resources */,
			);
			buildRules = (
			);
			dependencies = (
			);
			fileSystemSynchronizedGroups = (
				3D2A24772CF5C6AB00F8AF0A /* ClassifierApp */,
			);
			name = ClassifierApp;
			packageProductDependencies = (
				3DF6E7E52CFF04D0002A6AFE /* Alamofire */,
			);
			productName = ClassifierApp;
			productReference = 3D2A24752CF5C6AB00F8AF0A /* ClassifierApp.app */;
			productType = "com.apple.product-type.application";
		};
		3D2A24842CF5C6AC00F8AF0A /* ClassifierAppTests */ = {
			isa = PBXNativeTarget;
			buildConfigurationList = 3D2A249C2CF5C6AC00F8AF0A /* Build configuration list for PBXNativeTarget "ClassifierAppTests" */;
			buildPhases = (
				3D2A24812CF5C6AC00F8AF0A /* Sources */,
				3D2A24822CF5C6AC00F8AF0A /* Frameworks */,
				3D2A24832CF5C6AC00F8AF0A /* Resources */,
			);
			buildRules = (
			);
			dependencies = (
				3D2A24872CF5C6AC00F8AF0A /* PBXTargetDependency */,
			);
			name = ClassifierAppTests;
			packageProductDependencies = (
			);
			productName = ClassifierAppTests;
			productReference = 3D2A24852CF5C6AC00F8AF0A /* ClassifierAppTests.xctest */;
			productType = "com.apple.product-type.bundle.unit-test";
		};
		3D2A248E2CF5C6AC00F8AF0A /* ClassifierAppUITests */ = {
			isa = PBXNativeTarget;
			buildConfigurationList = 3D2A249F2CF5C6AC00F8AF0A /* Build configuration list for PBXNativeTarget "ClassifierAppUITests" */;
			buildPhases = (
				3D2A248B2CF5C6AC00F8AF0A /* Sources */,
				3D2A248C2CF5C6AC00F8AF0A /* Frameworks */,
				3D2A248D2CF5C6AC00F8AF0A /* Resources */,
			);
			buildRules = (
			);
			dependencies = (
				3D2A24912CF5C6AC00F8AF0A /* PBXTargetDependency */,
			);
			name = ClassifierAppUITests;
			packageProductDependencies = (
			);
			productName = ClassifierAppUITests;
			productReference = 3D2A248F2CF5C6AC00F8AF0A /* ClassifierAppUITests.xctest */;
			productType = "com.apple.product-type.bundle.ui-testing";
		};
/* End PBXNativeTarget section */

/* Begin PBXProject section */
		3D2A246D2CF5C6AB00F8AF0A /* Project object */ = {
			isa = PBXProject;
			attributes = {
				BuildIndependentTargetsInParallel = 1;
				LastSwiftUpdateCheck = 1600;
				LastUpgradeCheck = 1600;
				TargetAttributes = {
					3D2A24742CF5C6AB00F8AF0A = {
						CreatedOnToolsVersion = 16.0;
					};
					3D2A24842CF5C6AC00F8AF0A = {
						CreatedOnToolsVersion = 16.0;
						TestTargetID = 3D2A24742CF5C6AB00F8AF0A;
					};
					3D2A248E2CF5C6AC00F8AF0A = {
						CreatedOnToolsVersion = 16.0;
						TestTargetID = 3D2A24742CF5C6AB00F8AF0A;
					};
				};
			};
			buildConfigurationList = 3D2A24702CF5C6AB00F8AF0A /* Build configuration list for PBXProject "ClassifierApp" */;
			developmentRegion = en;
			hasScannedForEncodings = 0;
			knownRegions = (
				en,
				Base,
			);
			mainGroup = 3D2A246C2CF5C6AB00F8AF0A;
			minimizedProjectReferenceProxies = 1;
			packageReferences = (
				3DF6E7E42CFF04D0002A6AFE /* XCRemoteSwiftPackageReference "Alamofire" */,
			);
			preferredProjectObjectVersion = 77;
			productRefGroup = 3D2A24762CF5C6AB00F8AF0A /* Products */;
			projectDirPath = "";
			projectRoot = "";
			targets = (
				3D2A24742CF5C6AB00F8AF0A /* ClassifierApp */,
				3D2A24842CF5C6AC00F8AF0A /* ClassifierAppTests */,
				3D2A248E2CF5C6AC00F8AF0A /* ClassifierAppUITests */,
			);
		};
/* End PBXProject section */

/* Begin PBXResourcesBuildPhase section */
		3D2A24732CF5C6AB00F8AF0A /* Resources */ = {
			isa = PBXResourcesBuildPhase;
			buildActionMask = 2147483647;
			files = (
			);
			runOnlyForDeploymentPostprocessing = 0;
		};
		3D2A24832CF5C6AC00F8AF0A /* Resources */ = {
			isa = PBXResourcesBuildPhase;
			buildActionMask = 2147483647;
			files = (
			);
			runOnlyForDeploymentPostprocessing = 0;
		};
		3D2A248D2CF5C6AC00F8AF0A /* Resources */ = {
			isa = PBXResourcesBuildPhase;
			buildActionMask = 2147483647;
			files = (
			);
			runOnlyForDeploymentPostprocessing = 0;
		};
/* End PBXResourcesBuildPhase section */

/* Begin PBXSourcesBuildPhase section */
		3D2A24712CF5C6AB00F8AF0A /* Sources */ = {
			isa = PBXSourcesBuildPhase;
			buildActionMask = 2147483647;
			files = (
			);
			runOnlyForDeploymentPostprocessing = 0;
		};
		3D2A24812CF5C6AC00F8AF0A /* Sources */ = {
			isa = PBXSourcesBuildPhase;
			buildActionMask = 2147483647;
			files = (
			);
			runOnlyForDeploymentPostprocessing = 0;
		};
		3D2A248B2CF5C6AC00F8AF0A /* Sources */ = {
			isa = PBXSourcesBuildPhase;
			buildActionMask = 2147483647;
			files = (
			);
			runOnlyForDeploymentPostprocessing = 0;
		};
/* End PBXSourcesBuildPhase section */

/* Begin PBXTargetDependency section */
		3D2A24872CF5C6AC00F8AF0A /* PBXTargetDependency */ = {
			isa = PBXTargetDependency;
			target = 3D2A24742CF5C6AB00F8AF0A /* ClassifierApp */;
			targetProxy = 3D2A24862CF5C6AC00F8AF0A /* PBXContainerItemProxy */;
		};
		3D2A24912CF5C6AC00F8AF0A /* PBXTargetDependency */ = {
			isa = PBXTargetDependency;
			target = 3D2A24742CF5C6AB00F8AF0A /* ClassifierApp */;
			targetProxy = 3D2A24902CF5C6AC00F8AF0A /* PBXContainerItemProxy */;
		};
/* End PBXTargetDependency section */

/* Begin XCBuildConfiguration section */
		3D2A24972CF5C6AC00F8AF0A /* Debug */ = {
			isa = XCBuildConfiguration;
			buildSettings = {
				ALWAYS_SEARCH_USER_PATHS = NO;
				ASSETCATALOG_COMPILER_GENERATE_SWIFT_ASSET_SYMBOL_EXTENSIONS = YES;
				CLANG_ANALYZER_NONNULL = YES;
				CLANG_ANALYZER_NUMBER_OBJECT_CONVERSION = YES_AGGRESSIVE;
				CLANG_CXX_LANGUAGE_STANDARD = "gnu++20";
				CLANG_ENABLE_MODULES = YES;
				CLANG_ENABLE_OBJC_ARC = YES;
				CLANG_ENABLE_OBJC_WEAK = YES;
				CLANG_WARN_BLOCK_CAPTURE_AUTORELEASING = YES;
				CLANG_WARN_BOOL_CONVERSION = YES;
				CLANG_WARN_COMMA = YES;
				CLANG_WARN_CONSTANT_CONVERSION = YES;
				CLANG_WARN_DEPRECATED_OBJC_IMPLEMENTATIONS = YES;
				CLANG_WARN_DIRECT_OBJC_ISA_USAGE = YES_ERROR;
				CLANG_WARN_DOCUMENTATION_COMMENTS = YES;
				CLANG_WARN_EMPTY_BODY = YES;
				CLANG_WARN_ENUM_CONVERSION = YES;
				CLANG_WARN_INFINITE_RECURSION = YES;
				CLANG_WARN_INT_CONVERSION = YES;
				CLANG_WARN_NON_LITERAL_NULL_CONVERSION = YES;
				CLANG_WARN_OBJC_IMPLICIT_RETAIN_SELF = YES;
				CLANG_WARN_OBJC_LITERAL_CONVERSION = YES;
				CLANG_WARN_OBJC_ROOT_CLASS = YES_ERROR;
				CLANG_WARN_QUOTED_INCLUDE_IN_FRAMEWORK_HEADER = YES;
				CLANG_WARN_RANGE_LOOP_ANALYSIS = YES;
				CLANG_WARN_STRICT_PROTOTYPES = YES;
				CLANG_WARN_SUSPICIOUS_MOVE = YES;
				CLANG_WARN_UNGUARDED_AVAILABILITY = YES_AGGRESSIVE;
				CLANG_WARN_UNREACHABLE_CODE = YES;
				CLANG_WARN__DUPLICATE_METHOD_MATCH = YES;
				COPY_PHASE_STRIP = NO;
				DEBUG_INFORMATION_FORMAT = dwarf;
				ENABLE_STRICT_OBJC_MSGSEND = YES;
				ENABLE_TESTABILITY = YES;
				ENABLE_USER_SCRIPT_SANDBOXING = YES;
				GCC_C_LANGUAGE_STANDARD = gnu17;
				GCC_DYNAMIC_NO_PIC = NO;
				GCC_NO_COMMON_BLOCKS = YES;
				GCC_OPTIMIZATION_LEVEL = 0;
				GCC_PREPROCESSOR_DEFINITIONS = (
					"DEBUG=1",
					"$(inherited)",
				);
				GCC_WARN_64_TO_32_BIT_CONVERSION = YES;
				GCC_WARN_ABOUT_RETURN_TYPE = YES_ERROR;
				GCC_WARN_UNDECLARED_SELECTOR = YES;
				GCC_WARN_UNINITIALIZED_AUTOS = YES_AGGRESSIVE;
				GCC_WARN_UNUSED_FUNCTION = YES;
				GCC_WARN_UNUSED_VARIABLE = YES;
				IPHONEOS_DEPLOYMENT_TARGET = 18.0;
				LOCALIZATION_PREFERS_STRING_CATALOGS = YES;
				MTL_ENABLE_DEBUG_INFO = INCLUDE_SOURCE;
				MTL_FAST_MATH = YES;
				ONLY_ACTIVE_ARCH = YES;
				SDKROOT = iphoneos;
				SWIFT_ACTIVE_COMPILATION_CONDITIONS = "DEBUG $(inherited)";
				SWIFT_OPTIMIZATION_LEVEL = "-Onone";
			};
			name = Debug;
		};
		3D2A24982CF5C6AC00F8AF0A /* Release */ = {
			isa = XCBuildConfiguration;
			buildSettings = {
				ALWAYS_SEARCH_USER_PATHS = NO;
				ASSETCATALOG_COMPILER_GENERATE_SWIFT_ASSET_SYMBOL_EXTENSIONS = YES;
				CLANG_ANALYZER_NONNULL = YES;
				CLANG_ANALYZER_NUMBER_OBJECT_CONVERSION = YES_AGGRESSIVE;
				CLANG_CXX_LANGUAGE_STANDARD = "gnu++20";
				CLANG_ENABLE_MODULES = YES;
				CLANG_ENABLE_OBJC_ARC = YES;
				CLANG_ENABLE_OBJC_WEAK = YES;
				CLANG_WARN_BLOCK_CAPTURE_AUTORELEASING = YES;
				CLANG_WARN_BOOL_CONVERSION = YES;
				CLANG_WARN_COMMA = YES;
				CLANG_WARN_CONSTANT_CONVERSION = YES;
				CLANG_WARN_DEPRECATED_OBJC_IMPLEMENTATIONS = YES;
				CLANG_WARN_DIRECT_OBJC_ISA_USAGE = YES_ERROR;
				CLANG_WARN_DOCUMENTATION_COMMENTS = YES;
				CLANG_WARN_EMPTY_BODY = YES;
				CLANG_WARN_ENUM_CONVERSION = YES;
				CLANG_WARN_INFINITE_RECURSION = YES;
				CLANG_WARN_INT_CONVERSION = YES;
				CLANG_WARN_NON_LITERAL_NULL_CONVERSION = YES;
				CLANG_WARN_OBJC_IMPLICIT_RETAIN_SELF = YES;
				CLANG_WARN_OBJC_LITERAL_CONVERSION = YES;
				CLANG_WARN_OBJC_ROOT_CLASS = YES_ERROR;
				CLANG_WARN_QUOTED_INCLUDE_IN_FRAMEWORK_HEADER = YES;
				CLANG_WARN_RANGE_LOOP_ANALYSIS = YES;
				CLANG_WARN_STRICT_PROTOTYPES = YES;
				CLANG_WARN_SUSPICIOUS_MOVE = YES;
				CLANG_WARN_UNGUARDED_AVAILABILITY = YES_AGGRESSIVE;
				CLANG_WARN_UNREACHABLE_CODE = YES;
				CLANG_WARN__DUPLICATE_METHOD_MATCH = YES;
				COPY_PHASE_STRIP = NO;
				DEBUG_INFORMATION_FORMAT = "dwarf-with-dsym";
				ENABLE_NS_ASSERTIONS = NO;
				ENABLE_STRICT_OBJC_MSGSEND = YES;
				ENABLE_USER_SCRIPT_SANDBOXING = YES;
				GCC_C_LANGUAGE_STANDARD = gnu17;
				GCC_NO_COMMON_BLOCKS = YES;
				GCC_WARN_64_TO_32_BIT_CONVERSION = YES;
				GCC_WARN_ABOUT_RETURN_TYPE = YES_ERROR;
				GCC_WARN_UNDECLARED_SELECTOR = YES;
				GCC_WARN_UNINITIALIZED_AUTOS = YES_AGGRESSIVE;
				GCC_WARN_UNUSED_FUNCTION = YES;
				GCC_WARN_UNUSED_VARIABLE = YES;
				IPHONEOS_DEPLOYMENT_TARGET = 18.0;
				LOCALIZATION_PREFERS_STRING_CATALOGS = YES;
				MTL_ENABLE_DEBUG_INFO = NO;
				MTL_FAST_MATH = YES;
				SDKROOT = iphoneos;
				SWIFT_COMPILATION_MODE = wholemodule;
				VALIDATE_PRODUCT = YES;
			};
			name = Release;
		};
		3D2A249A2CF5C6AC00F8AF0A /* Debug */ = {
			isa = XCBuildConfiguration;
			buildSettings = {
				ASSETCATALOG_COMPILER_APPICON_NAME = AppIcon;
				ASSETCATALOG_COMPILER_GLOBAL_ACCENT_COLOR_NAME = AccentColor;
				CODE_SIGN_STYLE = Automatic;
				CURRENT_PROJECT_VERSION = 1;
				DEVELOPMENT_ASSET_PATHS = "\"ClassifierApp/Preview Content\"";
				ENABLE_PREVIEWS = YES;
				GENERATE_INFOPLIST_FILE = YES;
				INFOPLIST_KEY_UIApplicationSceneManifest_Generation = YES;
				INFOPLIST_KEY_UIApplicationSupportsIndirectInputEvents = YES;
				INFOPLIST_KEY_UILaunchScreen_Generation = YES;
				INFOPLIST_KEY_UISupportedInterfaceOrientations_iPad = "UIInterfaceOrientationPortrait UIInterfaceOrientationPortraitUpsideDown UIInterfaceOrientationLandscapeLeft UIInterfaceOrientationLandscapeRight";
				INFOPLIST_KEY_UISupportedInterfaceOrientations_iPhone = "UIInterfaceOrientationPortrait UIInterfaceOrientationLandscapeLeft UIInterfaceOrientationLandscapeRight";
				LD_RUNPATH_SEARCH_PATHS = (
					"$(inherited)",
					"@executable_path/Frameworks",
				);
				MARKETING_VERSION = 1.0;
				PRODUCT_BUNDLE_IDENTIFIER = pl.edu.agh.ClassifierApp;
				PRODUCT_NAME = "$(TARGET_NAME)";
				SWIFT_EMIT_LOC_STRINGS = YES;
				SWIFT_VERSION = 5.0;
				TARGETED_DEVICE_FAMILY = "1,2";
			};
			name = Debug;
		};
		3D2A249B2CF5C6AC00F8AF0A /* Release */ = {
			isa = XCBuildConfiguration;
			buildSettings = {
				ASSETCATALOG_COMPILER_APPICON_NAME = AppIcon;
				ASSETCATALOG_COMPILER_GLOBAL_ACCENT_COLOR_NAME = AccentColor;
				CODE_SIGN_STYLE = Automatic;
				CURRENT_PROJECT_VERSION = 1;
				DEVELOPMENT_ASSET_PATHS = "\"ClassifierApp/Preview Content\"";
				ENABLE_PREVIEWS = YES;
				GENERATE_INFOPLIST_FILE = YES;
				INFOPLIST_KEY_UIApplicationSceneManifest_Generation = YES;
				INFOPLIST_KEY_UIApplicationSupportsIndirectInputEvents = YES;
				INFOPLIST_KEY_UILaunchScreen_Generation = YES;
				INFOPLIST_KEY_UISupportedInterfaceOrientations_iPad = "UIInterfaceOrientationPortrait UIInterfaceOrientationPortraitUpsideDown UIInterfaceOrientationLandscapeLeft UIInterfaceOrientationLandscapeRight";
				INFOPLIST_KEY_UISupportedInterfaceOrientations_iPhone = "UIInterfaceOrientationPortrait UIInterfaceOrientationLandscapeLeft UIInterfaceOrientationLandscapeRight";
				LD_RUNPATH_SEARCH_PATHS = (
					"$(inherited)",
					"@executable_path/Frameworks",
				);
				MARKETING_VERSION = 1.0;
				PRODUCT_BUNDLE_IDENTIFIER = pl.edu.agh.ClassifierApp;
				PRODUCT_NAME = "$(TARGET_NAME)";
				SWIFT_EMIT_LOC_STRINGS = YES;
				SWIFT_VERSION = 5.0;
				TARGETED_DEVICE_FAMILY = "1,2";
			};
			name = Release;
		};
		3D2A249D2CF5C6AC00F8AF0A /* Debug */ = {
			isa = XCBuildConfiguration;
			buildSettings = {
				BUNDLE_LOADER = "$(TEST_HOST)";
				CODE_SIGN_STYLE = Automatic;
				CURRENT_PROJECT_VERSION = 1;
				GENERATE_INFOPLIST_FILE = YES;
				IPHONEOS_DEPLOYMENT_TARGET = 18.0;
				MARKETING_VERSION = 1.0;
				PRODUCT_BUNDLE_IDENTIFIER = pl.edu.agh.ClassifierAppTests;
				PRODUCT_NAME = "$(TARGET_NAME)";
				SWIFT_EMIT_LOC_STRINGS = NO;
				SWIFT_VERSION = 5.0;
				TARGETED_DEVICE_FAMILY = "1,2";
				TEST_HOST = "$(BUILT_PRODUCTS_DIR)/ClassifierApp.app/$(BUNDLE_EXECUTABLE_FOLDER_PATH)/ClassifierApp";
			};
			name = Debug;
		};
		3D2A249E2CF5C6AC00F8AF0A /* Release */ = {
			isa = XCBuildConfiguration;
			buildSettings = {
				BUNDLE_LOADER = "$(TEST_HOST)";
				CODE_SIGN_STYLE = Automatic;
				CURRENT_PROJECT_VERSION = 1;
				GENERATE_INFOPLIST_FILE = YES;
				IPHONEOS_DEPLOYMENT_TARGET = 18.0;
				MARKETING_VERSION = 1.0;
				PRODUCT_BUNDLE_IDENTIFIER = pl.edu.agh.ClassifierAppTests;
				PRODUCT_NAME = "$(TARGET_NAME)";
				SWIFT_EMIT_LOC_STRINGS = NO;
				SWIFT_VERSION = 5.0;
				TARGETED_DEVICE_FAMILY = "1,2";
				TEST_HOST = "$(BUILT_PRODUCTS_DIR)/ClassifierApp.app/$(BUNDLE_EXECUTABLE_FOLDER_PATH)/ClassifierApp";
			};
			name = Release;
		};
		3D2A24A02CF5C6AC00F8AF0A /* Debug */ = {
			isa = XCBuildConfiguration;
			buildSettings = {
				CODE_SIGN_STYLE = Automatic;
				CURRENT_PROJECT_VERSION = 1;
				GENERATE_INFOPLIST_FILE = YES;
				MARKETING_VERSION = 1.0;
				PRODUCT_BUNDLE_IDENTIFIER = pl.edu.agh.ClassifierAppUITests;
				PRODUCT_NAME = "$(TARGET_NAME)";
				SWIFT_EMIT_LOC_STRINGS = NO;
				SWIFT_VERSION = 5.0;
				TARGETED_DEVICE_FAMILY = "1,2";
				TEST_TARGET_NAME = ClassifierApp;
			};
			name = Debug;
		};
		3D2A24A12CF5C6AC00F8AF0A /* Release */ = {
			isa = XCBuildConfiguration;
			buildSettings = {
				CODE_SIGN_STYLE = Automatic;
				CURRENT_PROJECT_VERSION = 1;
				GENERATE_INFOPLIST_FILE = YES;
				MARKETING_VERSION = 1.0;
				PRODUCT_BUNDLE_IDENTIFIER = pl.edu.agh.ClassifierAppUITests;
				PRODUCT_NAME = "$(TARGET_NAME)";
				SWIFT_EMIT_LOC_STRINGS = NO;
				SWIFT_VERSION = 5.0;
				TARGETED_DEVICE_FAMILY = "1,2";
				TEST_TARGET_NAME = ClassifierApp;
			};
			name = Release;
		};
/* End XCBuildConfiguration section */

/* Begin XCConfigurationList section */
		3D2A24702CF5C6AB00F8AF0A /* Build configuration list for PBXProject "ClassifierApp" */ = {
			isa = XCConfigurationList;
			buildConfigurations = (
				3D2A24972CF5C6AC00F8AF0A /* Debug */,
				3D2A24982CF5C6AC00F8AF0A /* Release */,
			);
			defaultConfigurationIsVisible = 0;
			defaultConfigurationName = Release;
		};
		3D2A24992CF5C6AC00F8AF0A /* Build configuration list for PBXNativeTarget "ClassifierApp" */ = {
			isa = XCConfigurationList;
			buildConfigurations = (
				3D2A249A2CF5C6AC00F8AF0A /* Debug */,
				3D2A249B2CF5C6AC00F8AF0A /* Release */,
			);
			defaultConfigurationIsVisible = 0;
			defaultConfigurationName = Release;
		};
		3D2A249C2CF5C6AC00F8AF0A /* Build configuration list for PBXNativeTarget "ClassifierAppTests" */ = {
			isa = XCConfigurationList;
			buildConfigurations = (
				3D2A249D2CF5C6AC00F8AF0A /* Debug */,
				3D2A249E2CF5C6AC00F8AF0A /* Release */,
			);
			defaultConfigurationIsVisible = 0;
			defaultConfigurationName = Release;
		};
		3D2A249F2CF5C6AC00F8AF0A /* Build configuration list for PBXNativeTarget "ClassifierAppUITests" */ = {
			isa = XCConfigurationList;
			buildConfigurations = (
				3D2A24A02CF5C6AC00F8AF0A /* Debug */,
				3D2A24A12CF5C6AC00F8AF0A /* Release */,
			);
			defaultConfigurationIsVisible = 0;
			defaultConfigurationName = Release;
		};
/* End XCConfigurationList section */

/* Begin XCRemoteSwiftPackageReference section */
		3DF6E7E42CFF04D0002A6AFE /* XCRemoteSwiftPackageReference "Alamofire" */ = {
			isa = XCRemoteSwiftPackageReference;
			repositoryURL = "https://github.com/Alamofire/Alamofire.git";
			requirement = {
				kind = upToNextMajorVersion;
				minimumVersion = 5.10.2;
			};
		};
/* End XCRemoteSwiftPackageReference section */

/* Begin XCSwiftPackageProductDependency section */
		3DF6E7E52CFF04D0002A6AFE /* Alamofire */ = {
			isa = XCSwiftPackageProductDependency;
			package = 3DF6E7E42CFF04D0002A6AFE /* XCRemoteSwiftPackageReference "Alamofire" */;
			productName = Alamofire;
		};
/* End XCSwiftPackageProductDependency section */
	};
	rootObject = 3D2A246D2CF5C6AB00F8AF0A /* Project object */;
}
